{
  "nodes": {
    "nixpkgs": {
      "locked": {
        "lastModified": 1766997096,
        "narHash": "sha256-uOUlyNs3URxA+r8U7jeMe+W2X9kRriP2DqvaeeGzkTQ=",
        "owner": "nixos",
        "repo": "nixpkgs",
        "rev": "088e9a071796304ed9ac3d666164e1ccb9b53f66",
        "type": "github"
      },
      "original": {
        "owner": "nixos",
        "ref": "nixos-25.11-small",
        "repo": "nixpkgs",
        "type": "github"
      }
    },
    "root": {
      "inputs": {
        "nixpkgs": "nixpkgs"
      }
    }
  },
  "root": "root",
  "version": 7
}
